<?xml version="1.0" encoding="utf-8"?>
<Project ToolsVersion="4.0" xmlns="http://schemas.microsoft.com/developer/msbuild/2003">
  <ItemGroup>
    <Filter Include="Source Files">
      <UniqueIdentifier>{4FC737F1-C7A5-4376-A066-2A32D752A2FF}</UniqueIdentifier>
      <Extensions>cpp;c;cc;cxx;c++;cppm;ixx;def;odl;idl;hpj;bat;asm;asmx</Extensions>
    </Filter>
    <Filter Include="Header Files">
      <UniqueIdentifier>{93995380-89BD-4b04-88EB-625FBE52EBFB}</UniqueIdentifier>
      <Extensions>h;hh;hpp;hxx;h++;hm;inl;inc;ipp;xsd</Extensions>
    </Filter>
    <Filter Include="Resource Files">
      <UniqueIdentifier>{67DA6AB6-F800-4c08-8B7A-83BB121AAD01}</UniqueIdentifier>
      <Extensions>rc;ico;cur;bmp;dlg;rc2;rct;bin;rgs;gif;jpg;jpeg;jpe;resx;tiff;tif;png;wav;mfcribbon-ms</Extensions>
    </Filter>
    <Filter Include="Source Files\VehicleFactoryPattern">
      <UniqueIdentifier>{4fa4d1b6-cb6d-4b2c-8fd2-22f62ddc7941}</UniqueIdentifier>
    </Filter>
    <Filter Include="Source Files\ParkingLotController">
      <UniqueIdentifier>{eb7ce91d-6eb7-44a3-ac57-ca6ce20575f7}</UniqueIdentifier>
    </Filter>
    <Filter Include="Source Files\PaymentStrategyPattern">
      <UniqueIdentifier>{4c77d800-c234-41b2-8a55-322bf8afe187}</UniqueIdentifier>
    </Filter>
    <Filter Include="Source Files\PaymentStrategyPattern\ConcretePaymentStrategies">
      <UniqueIdentifier>{4806e12b-2614-4ead-a7a0-15302c76bd6e}</UniqueIdentifier>
    </Filter>
    <Filter Include="Source Files\FareStrategyPattern">
      <UniqueIdentifier>{fdebbb6a-c917-4f57-bf44-96b88cdb806d}</UniqueIdentifier>
    </Filter>
    <Filter Include="Source Files\FareStrategyPattern\ConcreteStrategies">
      <UniqueIdentifier>{b798083e-cd4a-4f4f-bee0-77aea440e231}</UniqueIdentifier>
    </Filter>
    <Filter Include="Source Files\CommonEnum">
      <UniqueIdentifier>{414d0a8b-bca7-4174-aa47-ffd4036bff9a}</UniqueIdentifier>
    </Filter>
    <Filter Include="Source Files\VehicleFactoryPattern\ConcreteVehicles">
      <UniqueIdentifier>{c890f32d-4130-483f-a4e2-c1058c304fd2}</UniqueIdentifier>
    </Filter>
    <Filter Include="Source Files\ParkingSpot">
      <UniqueIdentifier>{b88604d0-a976-465d-b5fd-1563b4ee0f7b}</UniqueIdentifier>
    </Filter>
    <Filter Include="Source Files\ParkingSpot\ConcreteParkingSpots">
      <UniqueIdentifier>{009f0ff6-73bc-48eb-8e6b-2c250a37472e}</UniqueIdentifier>
    </Filter>
  </ItemGroup>
  <ItemGroup>
    <ClCompile Include="main.cpp">
      <Filter>Source Files</Filter>
    </ClCompile>
    <ClCompile Include="Vehicle.h">
      <Filter>Source Files\VehicleFactoryPattern</Filter>
    </ClCompile>
    <ClCompile Include="ParkingLot.h">
      <Filter>Source Files\ParkingLotController</Filter>
    </ClCompile>
    <ClCompile Include="ParkingSpot.h">
      <Filter>Source Files\ParkingSpot</Filter>
    </ClCompile>
    <ClCompile Include="Payment.h">
      <Filter>Source Files\PaymentStrategyPattern</Filter>
    </ClCompile>
    <ClCompile Include="PaymentStrategy.h">
      <Filter>Source Files\PaymentStrategyPattern</Filter>
    </ClCompile>
    <ClCompile Include="ParkingFeeStrategy.h">
      <Filter>Source Files\FareStrategyPattern</Filter>
    </ClCompile>
    <ClCompile Include="DurationType.h">
      <Filter>Source Files\CommonEnum</Filter>
    </ClCompile>
    <ClCompile Include="BasicHourlyRateStrategy.h">
      <Filter>Source Files\FareStrategyPattern\ConcreteStrategies</Filter>
    </ClCompile>
    <ClCompile Include="PremiumRateStrategy.h">
      <Filter>Source Files\FareStrategyPattern\ConcreteStrategies</Filter>
    </ClCompile>
    <ClCompile Include="VehicleFactory.h">
      <Filter>Source Files\VehicleFactoryPattern</Filter>
    </ClCompile>
    <ClCompile Include="BikeVehicle.h">
      <Filter>Source Files\VehicleFactoryPattern\ConcreteVehicles</Filter>
    </ClCompile>
    <ClCompile Include="CarVehicle.h">
      <Filter>Source Files\VehicleFactoryPattern\ConcreteVehicles</Filter>
    </ClCompile>
    <ClCompile Include="OtherVehicle.h">
      <Filter>Source Files\VehicleFactoryPattern\ConcreteVehicles</Filter>
    </ClCompile>
    <ClCompile Include="CashPaymentStrategy.h">
      <Filter>Source Files\PaymentStrategyPattern\ConcretePaymentStrategies</Filter>
    </ClCompile>
    <ClCompile Include="CreditCardPaymentStrategy.h">
      <Filter>Source Files\PaymentStrategyPattern\ConcretePaymentStrategies</Filter>
    </ClCompile>
  </ItemGroup>
  <ItemGroup>
    <ClInclude Include="BikeParkingSpot.h">
      <Filter>Source Files\ParkingSpot\ConcreteParkingSpots</Filter>
    </ClInclude>
    <ClInclude Include="CarParkingSpot.h">
      <Filter>Source Files\ParkingSpot\ConcreteParkingSpots</Filter>
    </ClInclude>
  </ItemGroup>
</Project>