<?xml version="1.0" encoding="utf-8"?>
<Project ToolsVersion="4.0" xmlns="http://schemas.microsoft.com/developer/msbuild/2003">
  <ItemGroup>
    <Filter Include="Source Files">
      <UniqueIdentifier>{4FC737F1-C7A5-4376-A066-2A32D752A2FF}</UniqueIdentifier>
      <Extensions>cpp;c;cc;cxx;c++;cppm;ixx;def;odl;idl;hpj;bat;asm;asmx</Extensions>
    </Filter>
    <Filter Include="Header Files">
      <UniqueIdentifier>{93995380-89BD-4b04-88EB-625FBE52EBFB}</UniqueIdentifier>
      <Extensions>h;hh;hpp;hxx;h++;hm;inl;inc;ipp;xsd</Extensions>
    </Filter>
    <Filter Include="Resource Files">
      <UniqueIdentifier>{67DA6AB6-F800-4c08-8B7A-83BB121AAD01}</UniqueIdentifier>
      <Extensions>rc;ico;cur;bmp;dlg;rc2;rct;bin;rgs;gif;jpg;jpeg;jpe;resx;tiff;tif;png;wav;mfcribbon-ms</Extensions>
    </Filter>
    <Filter Include="Source Files\CommonEnum">
      <UniqueIdentifier>{2024c548-e83b-4e62-8c5b-d1ffd0020beb}</UniqueIdentifier>
    </Filter>
    <Filter Include="Source Files\Controller">
      <UniqueIdentifier>{2b44c8d7-0675-453b-bb03-17d8ddd336cf}</UniqueIdentifier>
    </Filter>
    <Filter Include="Source Files\GameStateHandler">
      <UniqueIdentifier>{db44725f-7942-4574-9336-fabd5bc4e853}</UniqueIdentifier>
    </Filter>
    <Filter Include="Source Files\PlayerStrategies">
      <UniqueIdentifier>{7437e0db-405a-4667-ac9a-b84f7663fe57}</UniqueIdentifier>
    </Filter>
    <Filter Include="Source Files\Utility">
      <UniqueIdentifier>{9ee905b3-7438-40f7-b754-52a71a6b0512}</UniqueIdentifier>
    </Filter>
    <Filter Include="Source Files\PlayerStrategies\ConcreteStrategies">
      <UniqueIdentifier>{bbed3892-42c0-4733-9987-041c928676bc}</UniqueIdentifier>
    </Filter>
    <Filter Include="Source Files\GameStateHandler\ConcreteStates">
      <UniqueIdentifier>{557f0a88-51cb-4b49-ae19-f8409a069a17}</UniqueIdentifier>
    </Filter>
    <Filter Include="Source Files\GameStateHandler\Context">
      <UniqueIdentifier>{86ebd470-9cdc-420b-8e31-69e1719fe027}</UniqueIdentifier>
    </Filter>
    <Filter Include="Source Files\Controller\GameController">
      <UniqueIdentifier>{c0b0e4e3-0e9f-446a-9e1c-fcf5610b4c6a}</UniqueIdentifier>
    </Filter>
  </ItemGroup>
  <ItemGroup>
    <ClCompile Include="main.cpp">
      <Filter>Source Files</Filter>
    </ClCompile>
    <ClCompile Include="HumanPlayerStrategy.cpp">
      <Filter>Source Files\PlayerStrategies\ConcreteStrategies</Filter>
    </ClCompile>
    <ClCompile Include="Board.cpp">
      <Filter>Source Files\Utility</Filter>
    </ClCompile>
    <ClCompile Include="TicTacToeGame.cpp">
      <Filter>Source Files\Controller\GameController</Filter>
    </ClCompile>
    <ClCompile Include="GameStates.cpp">
      <Filter>Source Files\GameStateHandler\ConcreteStates</Filter>
    </ClCompile>
  </ItemGroup>
  <ItemGroup>
    <ClInclude Include="Symbol.h">
      <Filter>Source Files\CommonEnum</Filter>
    </ClInclude>
    <ClInclude Include="Board.h">
      <Filter>Source Files\Utility</Filter>
    </ClInclude>
    <ClInclude Include="Player.h">
      <Filter>Source Files\Utility</Filter>
    </ClInclude>
    <ClInclude Include="Position.h">
      <Filter>Source Files\Utility</Filter>
    </ClInclude>
    <ClInclude Include="PlayerStrategy.h">
      <Filter>Source Files\PlayerStrategies</Filter>
    </ClInclude>
    <ClInclude Include="HumanPlayerStrategy.h">
      <Filter>Source Files\PlayerStrategies\ConcreteStrategies</Filter>
    </ClInclude>
    <ClInclude Include="GameState.h">
      <Filter>Source Files\GameStateHandler</Filter>
    </ClInclude>
    <ClInclude Include="GameStates.h">
      <Filter>Source Files\GameStateHandler\ConcreteStates</Filter>
    </ClInclude>
    <ClInclude Include="GameContext.h">
      <Filter>Source Files\GameStateHandler\Context</Filter>
    </ClInclude>
    <ClInclude Include="TicTacToeGame.h">
      <Filter>Source Files\Controller\GameController</Filter>
    </ClInclude>
  </ItemGroup>
</Project>